// !$*UTF8*$!
{
	archiveVersion = 1;
	classes = {
	};
	objectVersion = 50;
	objects = {

/* Begin PBXBuildFile section */
		3875CC7B269F62C100DE6B14 /* AppDelegate.swift in Sources */ = {isa = PBXBuildFile; fileRef = 3875CC7A269F62C100DE6B14 /* AppDelegate.swift */; };
		3875CC7D269F62C100DE6B14 /* SceneDelegate.swift in Sources */ = {isa = PBXBuildFile; fileRef = 3875CC7C269F62C100DE6B14 /* SceneDelegate.swift */; };
		3875CC7F269F62C100DE6B14 /* ViewController.swift in Sources */ = {isa = PBXBuildFile; fileRef = 3875CC7E269F62C100DE6B14 /* ViewController.swift */; };
		3875CC82269F62C100DE6B14 /* Main.storyboard in Resources */ = {isa = PBXBuildFile; fileRef = 3875CC80269F62C100DE6B14 /* Main.storyboard */; };
		3875CC85269F62C100DE6B14 /* MiniProject1.xcdatamodeld in Sources */ = {isa = PBXBuildFile; fileRef = 3875CC83269F62C100DE6B14 /* MiniProject1.xcdatamodeld */; };
		3875CC87269F62C300DE6B14 /* Assets.xcassets in Resources */ = {isa = PBXBuildFile; fileRef = 3875CC86269F62C300DE6B14 /* Assets.xcassets */; };
		3875CC8A269F62C300DE6B14 /* LaunchScreen.storyboard in Resources */ = {isa = PBXBuildFile; fileRef = 3875CC88269F62C300DE6B14 /* LaunchScreen.storyboard */; };
		3875CC95269F62C400DE6B14 /* MiniProject1Tests.swift in Sources */ = {isa = PBXBuildFile; fileRef = 3875CC94269F62C400DE6B14 /* MiniProject1Tests.swift */; };
		3875CCA0269F62C400DE6B14 /* MiniProject1UITests.swift in Sources */ = {isa = PBXBuildFile; fileRef = 3875CC9F269F62C400DE6B14 /* MiniProject1UITests.swift */; };
/* End PBXBuildFile section */

/* Begin PBXContainerItemProxy section */
		3875CC91269F62C400DE6B14 /* PBXContainerItemProxy */ = {
			isa = PBXContainerItemProxy;
			containerPortal = 3875CC6F269F62C100DE6B14 /* Project object */;
			proxyType = 1;
			remoteGlobalIDString = 3875CC76269F62C100DE6B14;
			remoteInfo = MiniProject1;
		};
		3875CC9C269F62C400DE6B14 /* PBXContainerItemProxy */ = {
			isa = PBXContainerItemProxy;
			containerPortal = 3875CC6F269F62C100DE6B14 /* Project object */;
			proxyType = 1;
			remoteGlobalIDString = 3875CC76269F62C100DE6B14;
			remoteInfo = MiniProject1;
		};
/* End PBXContainerItemProxy section */

/* Begin PBXFileReference section */
		3875CC77269F62C100DE6B14 /* MiniProject1.app */ = {isa = PBXFileReference; explicitFileType = wrapper.application; includeInIndex = 0; path = MiniProject1.app; sourceTree = BUILT_PRODUCTS_DIR; };
		3875CC7A269F62C100DE6B14 /* AppDelegate.swift */ = {isa = PBXFileReference; lastKnownFileType = sourcecode.swift; path = AppDelegate.swift; sourceTree = "<group>"; };
		3875CC7C269F62C100DE6B14 /* SceneDelegate.swift */ = {isa = PBXFileReference; lastKnownFileType = sourcecode.swift; path = SceneDelegate.swift; sourceTree = "<group>"; };
		3875CC7E269F62C100DE6B14 /* ViewController.swift */ = {isa = PBXFileReference; lastKnownFileType = sourcecode.swift; path = ViewController.swift; sourceTree = "<group>"; };
		3875CC81269F62C100DE6B14 /* Base */ = {isa = PBXFileReference; lastKnownFileType = file.storyboard; name = Base; path = Base.lproj/Main.storyboard; sourceTree = "<group>"; };
		3875CC84269F62C100DE6B14 /* MiniProject1.xcdatamodel */ = {isa = PBXFileReference; lastKnownFileType = wrapper.xcdatamodel; path = MiniProject1.xcdatamodel; sourceTree = "<group>"; };
		3875CC86269F62C300DE6B14 /* Assets.xcassets */ = {isa = PBXFileReference; lastKnownFileType = folder.assetcatalog; path = Assets.xcassets; sourceTree = "<group>"; };
		3875CC89269F62C300DE6B14 /* Base */ = {isa = PBXFileReference; lastKnownFileType = file.storyboard; name = Base; path = Base.lproj/LaunchScreen.storyboard; sourceTree = "<group>"; };
		3875CC8B269F62C300DE6B14 /* Info.plist */ = {isa = PBXFileReference; lastKnownFileType = text.plist.xml; path = Info.plist; sourceTree = "<group>"; };
		3875CC90269F62C400DE6B14 /* MiniProject1Tests.xctest */ = {isa = PBXFileReference; explicitFileType = wrapper.cfbundle; includeInIndex = 0; path = MiniProject1Tests.xctest; sourceTree = BUILT_PRODUCTS_DIR; };
		3875CC94269F62C400DE6B14 /* MiniProject1Tests.swift */ = {isa = PBXFileReference; lastKnownFileType = sourcecode.swift; path = MiniProject1Tests.swift; sourceTree = "<group>"; };
		3875CC96269F62C400DE6B14 /* Info.plist */ = {isa = PBXFileReference; lastKnownFileType = text.plist.xml; path = Info.plist; sourceTree = "<group>"; };
		3875CC9B269F62C400DE6B14 /* MiniProject1UITests.xctest */ = {isa = PBXFileReference; explicitFileType = wrapper.cfbundle; includeInIndex = 0; path = MiniProject1UITests.xctest; sourceTree = BUILT_PRODUCTS_DIR; };
		3875CC9F269F62C400DE6B14 /* MiniProject1UITests.swift */ = {isa = PBXFileReference; lastKnownFileType = sourcecode.swift; path = MiniProject1UITests.swift; sourceTree = "<group>"; };
		3875CCA1269F62C400DE6B14 /* Info.plist */ = {isa = PBXFileReference; lastKnownFileType = text.plist.xml; path = Info.plist; sourceTree = "<group>"; };
/* End PBXFileReference section */

/* Begin PBXFrameworksBuildPhase section */
		3875CC74269F62C100DE6B14 /* Frameworks */ = {
			isa = PBXFrameworksBuildPhase;
			buildActionMask = 2147483647;
			files = (
			);
			runOnlyForDeploymentPostprocessing = 0;
		};
		3875CC8D269F62C400DE6B14 /* Frameworks */ = {
			isa = PBXFrameworksBuildPhase;
			buildActionMask = 2147483647;
			files = (
			);
			runOnlyForDeploymentPostprocessing = 0;
		};
		3875CC98269F62C400DE6B14 /* Frameworks */ = {
			isa = PBXFrameworksBuildPhase;
			buildActionMask = 2147483647;
			files = (
			);
			runOnlyForDeploymentPostprocessing = 0;
		};
/* End PBXFrameworksBuildPhase section */

/* Begin PBXGroup section */
		3875CC6E269F62C100DE6B14 = {
			isa = PBXGroup;
			children = (
				3875CC79269F62C100DE6B14 /* MiniProject1 */,
				3875CC93269F62C400DE6B14 /* MiniProject1Tests */,
				3875CC9E269F62C400DE6B14 /* MiniProject1UITests */,
				3875CC78269F62C100DE6B14 /* Products */,
			);
			sourceTree = "<group>";
		};
		3875CC78269F62C100DE6B14 /* Products */ = {
			isa = PBXGroup;
			children = (
				3875CC77269F62C100DE6B14 /* MiniProject1.app */,
				3875CC90269F62C400DE6B14 /* MiniProject1Tests.xctest */,
				3875CC9B269F62C400DE6B14 /* MiniProject1UITests.xctest */,
			);
			name = Products;
			sourceTree = "<group>";
		};
		3875CC79269F62C100DE6B14 /* MiniProject1 */ = {
			isa = PBXGroup;
			children = (
				3875CC7A269F62C100DE6B14 /* AppDelegate.swift */,
				3875CC7C269F62C100DE6B14 /* SceneDelegate.swift */,
				3875CC7E269F62C100DE6B14 /* ViewController.swift */,
				3875CC80269F62C100DE6B14 /* Main.storyboard */,
				3875CC86269F62C300DE6B14 /* Assets.xcassets */,
				3875CC88269F62C300DE6B14 /* LaunchScreen.storyboard */,
				3875CC8B269F62C300DE6B14 /* Info.plist */,
				3875CC83269F62C100DE6B14 /* MiniProject1.xcdatamodeld */,
			);
			path = MiniProject1;
			sourceTree = "<group>";
		};
		3875CC93269F62C400DE6B14 /* MiniProject1Tests */ = {
			isa = PBXGroup;
			children = (
				3875CC94269F62C400DE6B14 /* MiniProject1Tests.swift */,
				3875CC96269F62C400DE6B14 /* Info.plist */,
			);
			path = MiniProject1Tests;
			sourceTree = "<group>";
		};
		3875CC9E269F62C400DE6B14 /* MiniProject1UITests */ = {
			isa = PBXGroup;
			children = (
				3875CC9F269F62C400DE6B14 /* MiniProject1UITests.swift */,
				3875CCA1269F62C400DE6B14 /* Info.plist */,
			);
			path = MiniProject1UITests;
			sourceTree = "<group>";
		};
/* End PBXGroup section */

/* Begin PBXNativeTarget section */
		3875CC76269F62C100DE6B14 /* MiniProject1 */ = {
			isa = PBXNativeTarget;
			buildConfigurationList = 3875CCA4269F62C400DE6B14 /* Build configuration list for PBXNativeTarget "MiniProject1" */;
			buildPhases = (
				3875CC73269F62C100DE6B14 /* Sources */,
				3875CC74269F62C100DE6B14 /* Frameworks */,
				3875CC75269F62C100DE6B14 /* Resources */,
			);
			buildRules = (
			);
			dependencies = (
			);
			name = MiniProject1;
			productName = MiniProject1;
			productReference = 3875CC77269F62C100DE6B14 /* MiniProject1.app */;
			productType = "com.apple.product-type.application";
		};
		3875CC8F269F62C400DE6B14 /* MiniProject1Tests */ = {
			isa = PBXNativeTarget;
			buildConfigurationList = 3875CCA7269F62C400DE6B14 /* Build configuration list for PBXNativeTarget "MiniProject1Tests" */;
			buildPhases = (
				3875CC8C269F62C400DE6B14 /* Sources */,
				3875CC8D269F62C400DE6B14 /* Frameworks */,
				3875CC8E269F62C400DE6B14 /* Resources */,
			);
			buildRules = (
			);
			dependencies = (
				3875CC92269F62C400DE6B14 /* PBXTargetDependency */,
			);
			name = MiniProject1Tests;
			productName = MiniProject1Tests;
			productReference = 3875CC90269F62C400DE6B14 /* MiniProject1Tests.xctest */;
			productType = "com.apple.product-type.bundle.unit-test";
		};
		3875CC9A269F62C400DE6B14 /* MiniProject1UITests */ = {
			isa = PBXNativeTarget;
			buildConfigurationList = 3875CCAA269F62C400DE6B14 /* Build configuration list for PBXNativeTarget "MiniProject1UITests" */;
			buildPhases = (
				3875CC97269F62C400DE6B14 /* Sources */,
				3875CC98269F62C400DE6B14 /* Frameworks */,
				3875CC99269F62C400DE6B14 /* Resources */,
			);
			buildRules = (
			);
			dependencies = (
				3875CC9D269F62C400DE6B14 /* PBXTargetDependency */,
			);
			name = MiniProject1UITests;
			productName = MiniProject1UITests;
			productReference = 3875CC9B269F62C400DE6B14 /* MiniProject1UITests.xctest */;
			productType = "com.apple.product-type.bundle.ui-testing";
		};
/* End PBXNativeTarget section */

/* Begin PBXProject section */
		3875CC6F269F62C100DE6B14 /* Project object */ = {
			isa = PBXProject;
			attributes = {
				LastSwiftUpdateCheck = 1250;
				LastUpgradeCheck = 1250;
				TargetAttributes = {
					3875CC76269F62C100DE6B14 = {
						CreatedOnToolsVersion = 12.5.1;
					};
					3875CC8F269F62C400DE6B14 = {
						CreatedOnToolsVersion = 12.5.1;
						TestTargetID = 3875CC76269F62C100DE6B14;
					};
					3875CC9A269F62C400DE6B14 = {
						CreatedOnToolsVersion = 12.5.1;
						TestTargetID = 3875CC76269F62C100DE6B14;
					};
				};
			};
			buildConfigurationList = 3875CC72269F62C100DE6B14 /* Build configuration list for PBXProject "MiniProject1" */;
			compatibilityVersion = "Xcode 9.3";
			developmentRegion = en;
			hasScannedForEncodings = 0;
			knownRegions = (
				en,
				Base,
			);
			mainGroup = 3875CC6E269F62C100DE6B14;
			productRefGroup = 3875CC78269F62C100DE6B14 /* Products */;
			projectDirPath = "";
			projectRoot = "";
			targets = (
				3875CC76269F62C100DE6B14 /* MiniProject1 */,
				3875CC8F269F62C400DE6B14 /* MiniProject1Tests */,
				3875CC9A269F62C400DE6B14 /* MiniProject1UITests */,
			);
		};
/* End PBXProject section */

/* Begin PBXResourcesBuildPhase section */
		3875CC75269F62C100DE6B14 /* Resources */ = {
			isa = PBXResourcesBuildPhase;
			buildActionMask = 2147483647;
			files = (
				3875CC8A269F62C300DE6B14 /* LaunchScreen.storyboard in Resources */,
				3875CC87269F62C300DE6B14 /* Assets.xcassets in Resources */,
				3875CC82269F62C100DE6B14 /* Main.storyboard in Resources */,
			);
			runOnlyForDeploymentPostprocessing = 0;
		};
		3875CC8E269F62C400DE6B14 /* Resources */ = {
			isa = PBXResourcesBuildPhase;
			buildActionMask = 2147483647;
			files = (
			);
			runOnlyForDeploymentPostprocessing = 0;
		};
		3875CC99269F62C400DE6B14 /* Resources */ = {
			isa = PBXResourcesBuildPhase;
			buildActionMask = 2147483647;
			files = (
			);
			runOnlyForDeploymentPostprocessing = 0;
		};
/* End PBXResourcesBuildPhase section */

/* Begin PBXSourcesBuildPhase section */
		3875CC73269F62C100DE6B14 /* Sources */ = {
			isa = PBXSourcesBuildPhase;
			buildActionMask = 2147483647;
			files = (
				3875CC7F269F62C100DE6B14 /* ViewController.swift in Sources */,
				3875CC7B269F62C100DE6B14 /* AppDelegate.swift in Sources */,
				3875CC85269F62C100DE6B14 /* MiniProject1.xcdatamodeld in Sources */,
				3875CC7D269F62C100DE6B14 /* SceneDelegate.swift in Sources */,
			);
			runOnlyForDeploymentPostprocessing = 0;
		};
		3875CC8C269F62C400DE6B14 /* Sources */ = {
			isa = PBXSourcesBuildPhase;
			buildActionMask = 2147483647;
			files = (
				3875CC95269F62C400DE6B14 /* MiniProject1Tests.swift in Sources */,
			);
			runOnlyForDeploymentPostprocessing = 0;
		};
		3875CC97269F62C400DE6B14 /* Sources */ = {
			isa = PBXSourcesBuildPhase;
			buildActionMask = 2147483647;
			files = (
				3875CCA0269F62C400DE6B14 /* MiniProject1UITests.swift in Sources */,
			);
			runOnlyForDeploymentPostprocessing = 0;
		};
/* End PBXSourcesBuildPhase section */

/* Begin PBXTargetDependency section */
		3875CC92269F62C400DE6B14 /* PBXTargetDependency */ = {
			isa = PBXTargetDependency;
			target = 3875CC76269F62C100DE6B14 /* MiniProject1 */;
			targetProxy = 3875CC91269F62C400DE6B14 /* PBXContainerItemProxy */;
		};
		3875CC9D269F62C400DE6B14 /* PBXTargetDependency */ = {
			isa = PBXTargetDependency;
			target = 3875CC76269F62C100DE6B14 /* MiniProject1 */;
			targetProxy = 3875CC9C269F62C400DE6B14 /* PBXContainerItemProxy */;
		};
/* End PBXTargetDependency section */

/* Begin PBXVariantGroup section */
		3875CC80269F62C100DE6B14 /* Main.storyboard */ = {
			isa = PBXVariantGroup;
			children = (
				3875CC81269F62C100DE6B14 /* Base */,
			);
			name = Main.storyboard;
			sourceTree = "<group>";
		};
		3875CC88269F62C300DE6B14 /* LaunchScreen.storyboard */ = {
			isa = PBXVariantGroup;
			children = (
				3875CC89269F62C300DE6B14 /* Base */,
			);
			name = LaunchScreen.storyboard;
			sourceTree = "<group>";
		};
/* End PBXVariantGroup section */

/* Begin XCBuildConfiguration section */
		3875CCA2269F62C400DE6B14 /* Debug */ = {
			isa = XCBuildConfiguration;
			buildSettings = {
				ALWAYS_SEARCH_USER_PATHS = NO;
				CLANG_ANALYZER_NONNULL = YES;
				CLANG_ANALYZER_NUMBER_OBJECT_CONVERSION = YES_AGGRESSIVE;
				CLANG_CXX_LANGUAGE_STANDARD = "gnu++14";
				CLANG_CXX_LIBRARY = "libc++";
				CLANG_ENABLE_MODULES = YES;
				CLANG_ENABLE_OBJC_ARC = YES;
				CLANG_ENABLE_OBJC_WEAK = YES;
				CLANG_WARN_BLOCK_CAPTURE_AUTORELEASING = YES;
				CLANG_WARN_BOOL_CONVERSION = YES;
				CLANG_WARN_COMMA = YES;
				CLANG_WARN_CONSTANT_CONVERSION = YES;
				CLANG_WARN_DEPRECATED_OBJC_IMPLEMENTATIONS = YES;
				CLANG_WARN_DIRECT_OBJC_ISA_USAGE = YES_ERROR;
				CLANG_WARN_DOCUMENTATION_COMMENTS = YES;
				CLANG_WARN_EMPTY_BODY = YES;
				CLANG_WARN_ENUM_CONVERSION = YES;
				CLANG_WARN_INFINITE_RECURSION = YES;
				CLANG_WARN_INT_CONVERSION = YES;
				CLANG_WARN_NON_LITERAL_NULL_CONVERSION = YES;
				CLANG_WARN_OBJC_IMPLICIT_RETAIN_SELF = YES;
				CLANG_WARN_OBJC_LITERAL_CONVERSION = YES;
				CLANG_WARN_OBJC_ROOT_CLASS = YES_ERROR;
				CLANG_WARN_QUOTED_INCLUDE_IN_FRAMEWORK_HEADER = YES;
				CLANG_WARN_RANGE_LOOP_ANALYSIS = YES;
				CLANG_WARN_STRICT_PROTOTYPES = YES;
				CLANG_WARN_SUSPICIOUS_MOVE = YES;
				CLANG_WARN_UNGUARDED_AVAILABILITY = YES_AGGRESSIVE;
				CLANG_WARN_UNREACHABLE_CODE = YES;
				CLANG_WARN__DUPLICATE_METHOD_MATCH = YES;
				COPY_PHASE_STRIP = NO;
				DEBUG_INFORMATION_FORMAT = dwarf;
				ENABLE_STRICT_OBJC_MSGSEND = YES;
				ENABLE_TESTABILITY = YES;
				GCC_C_LANGUAGE_STANDARD = gnu11;
				GCC_DYNAMIC_NO_PIC = NO;
				GCC_NO_COMMON_BLOCKS = YES;
				GCC_OPTIMIZATION_LEVEL = 0;
				GCC_PREPROCESSOR_DEFINITIONS = (
					"DEBUG=1",
					"$(inherited)",
				);
				GCC_WARN_64_TO_32_BIT_CONVERSION = YES;
				GCC_WARN_ABOUT_RETURN_TYPE = YES_ERROR;
				GCC_WARN_UNDECLARED_SELECTOR = YES;
				GCC_WARN_UNINITIALIZED_AUTOS = YES_AGGRESSIVE;
				GCC_WARN_UNUSED_FUNCTION = YES;
				GCC_WARN_UNUSED_VARIABLE = YES;
				IPHONEOS_DEPLOYMENT_TARGET = 14.5;
				MTL_ENABLE_DEBUG_INFO = INCLUDE_SOURCE;
				MTL_FAST_MATH = YES;
				ONLY_ACTIVE_ARCH = YES;
				SDKROOT = iphoneos;
				SWIFT_ACTIVE_COMPILATION_CONDITIONS = DEBUG;
				SWIFT_OPTIMIZATION_LEVEL = "-Onone";
			};
			name = Debug;
		};
		3875CCA3269F62C400DE6B14 /* Release */ = {
			isa = XCBuildConfiguration;
			buildSettings = {
				ALWAYS_SEARCH_USER_PATHS = NO;
				CLANG_ANALYZER_NONNULL = YES;
				CLANG_ANALYZER_NUMBER_OBJECT_CONVERSION = YES_AGGRESSIVE;
				CLANG_CXX_LANGUAGE_STANDARD = "gnu++14";
				CLANG_CXX_LIBRARY = "libc++";
				CLANG_ENABLE_MODULES = YES;
				CLANG_ENABLE_OBJC_ARC = YES;
				CLANG_ENABLE_OBJC_WEAK = YES;
				CLANG_WARN_BLOCK_CAPTURE_AUTORELEASING = YES;
				CLANG_WARN_BOOL_CONVERSION = YES;
				CLANG_WARN_COMMA = YES;
				CLANG_WARN_CONSTANT_CONVERSION = YES;
				CLANG_WARN_DEPRECATED_OBJC_IMPLEMENTATIONS = YES;
				CLANG_WARN_DIRECT_OBJC_ISA_USAGE = YES_ERROR;
				CLANG_WARN_DOCUMENTATION_COMMENTS = YES;
				CLANG_WARN_EMPTY_BODY = YES;
				CLANG_WARN_ENUM_CONVERSION = YES;
				CLANG_WARN_INFINITE_RECURSION = YES;
				CLANG_WARN_INT_CONVERSION = YES;
				CLANG_WARN_NON_LITERAL_NULL_CONVERSION = YES;
				CLANG_WARN_OBJC_IMPLICIT_RETAIN_SELF = YES;
				CLANG_WARN_OBJC_LITERAL_CONVERSION = YES;
				CLANG_WARN_OBJC_ROOT_CLASS = YES_ERROR;
				CLANG_WARN_QUOTED_INCLUDE_IN_FRAMEWORK_HEADER = YES;
				CLANG_WARN_RANGE_LOOP_ANALYSIS = YES;
				CLANG_WARN_STRICT_PROTOTYPES = YES;
				CLANG_WARN_SUSPICIOUS_MOVE = YES;
				CLANG_WARN_UNGUARDED_AVAILABILITY = YES_AGGRESSIVE;
				CLANG_WARN_UNREACHABLE_CODE = YES;
				CLANG_WARN__DUPLICATE_METHOD_MATCH = YES;
				COPY_PHASE_STRIP = NO;
				DEBUG_INFORMATION_FORMAT = "dwarf-with-dsym";
				ENABLE_NS_ASSERTIONS = NO;
				ENABLE_STRICT_OBJC_MSGSEND = YES;
				GCC_C_LANGUAGE_STANDARD = gnu11;
				GCC_NO_COMMON_BLOCKS = YES;
				GCC_WARN_64_TO_32_BIT_CONVERSION = YES;
				GCC_WARN_ABOUT_RETURN_TYPE = YES_ERROR;
				GCC_WARN_UNDECLARED_SELECTOR = YES;
				GCC_WARN_UNINITIALIZED_AUTOS = YES_AGGRESSIVE;
				GCC_WARN_UNUSED_FUNCTION = YES;
				GCC_WARN_UNUSED_VARIABLE = YES;
				IPHONEOS_DEPLOYMENT_TARGET = 14.5;
				MTL_ENABLE_DEBUG_INFO = NO;
				MTL_FAST_MATH = YES;
				SDKROOT = iphoneos;
				SWIFT_COMPILATION_MODE = wholemodule;
				SWIFT_OPTIMIZATION_LEVEL = "-O";
				VALIDATE_PRODUCT = YES;
			};
			name = Release;
		};
		3875CCA5269F62C400DE6B14 /* Debug */ = {
			isa = XCBuildConfiguration;
			buildSettings = {
				ASSETCATALOG_COMPILER_APPICON_NAME = AppIcon;
				ASSETCATALOG_COMPILER_GLOBAL_ACCENT_COLOR_NAME = AccentColor;
				CODE_SIGN_STYLE = Automatic;
				INFOPLIST_FILE = MiniProject1/Info.plist;
				LD_RUNPATH_SEARCH_PATHS = (
					"$(inherited)",
					"@executable_path/Frameworks",
				);
				PRODUCT_BUNDLE_IDENTIFIER = KWK.MiniProject1;
				PRODUCT_NAME = "$(TARGET_NAME)";
				SWIFT_VERSION = 5.0;
				TARGETED_DEVICE_FAMILY = "1,2";
			};
			name = Debug;
		};
		3875CCA6269F62C400DE6B14 /* Release */ = {
			isa = XCBuildConfiguration;
			buildSettings = {
				ASSETCATALOG_COMPILER_APPICON_NAME = AppIcon;
				ASSETCATALOG_COMPILER_GLOBAL_ACCENT_COLOR_NAME = AccentColor;
				CODE_SIGN_STYLE = Automatic;
				INFOPLIST_FILE = MiniProject1/Info.plist;
				LD_RUNPATH_SEARCH_PATHS = (
					"$(inherited)",
					"@executable_path/Frameworks",
				);
				PRODUCT_BUNDLE_IDENTIFIER = KWK.MiniProject1;
				PRODUCT_NAME = "$(TARGET_NAME)";
				SWIFT_VERSION = 5.0;
				TARGETED_DEVICE_FAMILY = "1,2";
			};
			name = Release;
		};
		3875CCA8269F62C400DE6B14 /* Debug */ = {
			isa = XCBuildConfiguration;
			buildSettings = {
				ALWAYS_EMBED_SWIFT_STANDARD_LIBRARIES = YES;
				BUNDLE_LOADER = "$(TEST_HOST)";
				CODE_SIGN_STYLE = Automatic;
				INFOPLIST_FILE = MiniProject1Tests/Info.plist;
				IPHONEOS_DEPLOYMENT_TARGET = 14.5;
				LD_RUNPATH_SEARCH_PATHS = (
					"$(inherited)",
					"@executable_path/Frameworks",
					"@loader_path/Frameworks",
				);
				PRODUCT_BUNDLE_IDENTIFIER = KWK.MiniProject1Tests;
				PRODUCT_NAME = "$(TARGET_NAME)";
				SWIFT_VERSION = 5.0;
				TARGETED_DEVICE_FAMILY = "1,2";
				TEST_HOST = "$(BUILT_PRODUCTS_DIR)/MiniProject1.app/MiniProject1";
			};
			name = Debug;
		};
		3875CCA9269F62C400DE6B14 /* Release */ = {
			isa = XCBuildConfiguration;
			buildSettings = {
				ALWAYS_EMBED_SWIFT_STANDARD_LIBRARIES = YES;
				BUNDLE_LOADER = "$(TEST_HOST)";
				CODE_SIGN_STYLE = Automatic;
				INFOPLIST_FILE = MiniProject1Tests/Info.plist;
				IPHONEOS_DEPLOYMENT_TARGET = 14.5;
				LD_RUNPATH_SEARCH_PATHS = (
					"$(inherited)",
					"@executable_path/Frameworks",
					"@loader_path/Frameworks",
				);
				PRODUCT_BUNDLE_IDENTIFIER = KWK.MiniProject1Tests;
				PRODUCT_NAME = "$(TARGET_NAME)";
				SWIFT_VERSION = 5.0;
				TARGETED_DEVICE_FAMILY = "1,2";
				TEST_HOST = "$(BUILT_PRODUCTS_DIR)/MiniProject1.app/MiniProject1";
			};
			name = Release;
		};
		3875CCAB269F62C400DE6B14 /* Debug */ = {
			isa = XCBuildConfiguration;
			buildSettings = {
				ALWAYS_EMBED_SWIFT_STANDARD_LIBRARIES = YES;
				CODE_SIGN_STYLE = Automatic;
				INFOPLIST_FILE = MiniProject1UITests/Info.plist;
				LD_RUNPATH_SEARCH_PATHS = (
					"$(inherited)",
					"@executable_path/Frameworks",
					"@loader_path/Frameworks",
				);
				PRODUCT_BUNDLE_IDENTIFIER = KWK.MiniProject1UITests;
				PRODUCT_NAME = "$(TARGET_NAME)";
				SWIFT_VERSION = 5.0;
				TARGETED_DEVICE_FAMILY = "1,2";
				TEST_TARGET_NAME = MiniProject1;
			};
			name = Debug;
		};
		3875CCAC269F62C400DE6B14 /* Release */ = {
			isa = XCBuildConfiguration;
			buildSettings = {
				ALWAYS_EMBED_SWIFT_STANDARD_LIBRARIES = YES;
				CODE_SIGN_STYLE = Automatic;
				INFOPLIST_FILE = MiniProject1UITests/Info.plist;
				LD_RUNPATH_SEARCH_PATHS = (
					"$(inherited)",
					"@executable_path/Frameworks",
					"@loader_path/Frameworks",
				);
				PRODUCT_BUNDLE_IDENTIFIER = KWK.MiniProject1UITests;
				PRODUCT_NAME = "$(TARGET_NAME)";
				SWIFT_VERSION = 5.0;
				TARGETED_DEVICE_FAMILY = "1,2";
				TEST_TARGET_NAME = MiniProject1;
			};
			name = Release;
		};
/* End XCBuildConfiguration section */

/* Begin XCConfigurationList section */
		3875CC72269F62C100DE6B14 /* Build configuration list for PBXProject "MiniProject1" */ = {
			isa = XCConfigurationList;
			buildConfigurations = (
				3875CCA2269F62C400DE6B14 /* Debug */,
				3875CCA3269F62C400DE6B14 /* Release */,
			);
			defaultConfigurationIsVisible = 0;
			defaultConfigurationName = Release;
		};
		3875CCA4269F62C400DE6B14 /* Build configuration list for PBXNativeTarget "MiniProject1" */ = {
			isa = XCConfigurationList;
			buildConfigurations = (
				3875CCA5269F62C400DE6B14 /* Debug */,
				3875CCA6269F62C400DE6B14 /* Release */,
			);
			defaultConfigurationIsVisible = 0;
			defaultConfigurationName = Release;
		};
		3875CCA7269F62C400DE6B14 /* Build configuration list for PBXNativeTarget "MiniProject1Tests" */ = {
			isa = XCConfigurationList;
			buildConfigurations = (
				3875CCA8269F62C400DE6B14 /* Debug */,
				3875CCA9269F62C400DE6B14 /* Release */,
			);
			defaultConfigurationIsVisible = 0;
			defaultConfigurationName = Release;
		};
		3875CCAA269F62C400DE6B14 /* Build configuration list for PBXNativeTarget "MiniProject1UITests" */ = {
			isa = XCConfigurationList;
			buildConfigurations = (
				3875CCAB269F62C400DE6B14 /* Debug */,
				3875CCAC269F62C400DE6B14 /* Release */,
			);
			defaultConfigurationIsVisible = 0;
			defaultConfigurationName = Release;
		};
/* End XCConfigurationList section */

/* Begin XCVersionGroup section */
		3875CC83269F62C100DE6B14 /* MiniProject1.xcdatamodeld */ = {
			isa = XCVersionGroup;
			children = (
				3875CC84269F62C100DE6B14 /* MiniProject1.xcdatamodel */,
			);
			currentVersion = 3875CC84269F62C100DE6B14 /* MiniProject1.xcdatamodel */;
			path = MiniProject1.xcdatamodeld;
			sourceTree = "<group>";
			versionGroupType = wrapper.xcdatamodel;
		};
/* End XCVersionGroup section */
	};
	rootObject = 3875CC6F269F62C100DE6B14 /* Project object */;
}
